
Microsoft Visual Studio Solution File, Format Version 12.00
# Visual Studio 15
VisualStudioVersion = 15.0.27130.2024
MinimumVisualStudioVersion = 10.0.40219.1
Project("{FAE04EC0-301F-11D3-BF4B-00C04F79EFBC}") = "Cachet.NET", "Cachet.NET\Cachet.NET.csproj", "{90A88052-D2DD-4D94-AD9D-20DA8D49BAFC}"
EndProject
Project("{FAE04EC0-301F-11D3-BF4B-00C04F79EFBC}") = "Cachet.NET.Example", "Cachet.NET.Example\Cachet.NET.Example.csproj", "{6FEE87EB-A409-4D49-AA1C-558D5E1CE4C4}"
EndProject
Global
	GlobalSection(SolutionConfigurationPlatforms) = preSolution
		Debug|Any CPU = Debug|Any CPU
		Release|Any CPU = Release|Any CPU
	EndGlobalSection
	GlobalSection(ProjectConfigurationPlatforms) = postSolution
		{90A88052-D2DD-4D94-AD9D-20DA8D49BAFC}.Debug|Any CPU.ActiveCfg = Debug|Any CPU
		{90A88052-D2DD-4D94-AD9D-20DA8D49BAFC}.Debug|Any CPU.Build.0 = Debug|Any CPU
		{90A88052-D2DD-4D94-AD9D-20DA8D49BAFC}.Release|Any CPU.ActiveCfg = Release|Any CPU
		{90A88052-D2DD-4D94-AD9D-20DA8D49BAFC}.Release|Any CPU.Build.0 = Release|Any CPU
		{6FEE87EB-A409-4D49-AA1C-558D5E1CE4C4}.Debug|Any CPU.ActiveCfg = Debug|Any CPU
		{6FEE87EB-A409-4D49-AA1C-558D5E1CE4C4}.Debug|Any CPU.Build.0 = Debug|Any CPU
		{6FEE87EB-A409-4D49-AA1C-558D5E1CE4C4}.Release|Any CPU.ActiveCfg = Release|Any CPU
		{6FEE87EB-A409-4D49-AA1C-558D5E1CE4C4}.Release|Any CPU.Build.0 = Release|Any CPU
	EndGlobalSection
	GlobalSection(SolutionProperties) = preSolution
		HideSolutionNode = FALSE
	EndGlobalSection
	GlobalSection(ExtensibilityGlobals) = postSolution
		SolutionGuid = {E2745747-897A-496E-98FF-9AA222B314E3}
	EndGlobalSection
EndGlobal
