
Microsoft Visual Studio Solution File, Format Version 12.00
# Visual Studio Version 16
VisualStudioVersion = 16.0.31321.278
MinimumVisualStudioVersion = 10.0.40219.1
Project("{9A19103F-16F7-4668-BE54-9A1E7A4F7556}") = "Cachet.NET", "Cachet.NET\Cachet.NET.csproj", "{90A88053-D2DD-4D94-AD9D-20DA8D49BAFC}"
EndProject
Global
	GlobalSection(SolutionConfigurationPlatforms) = preSolution
		Debug|Any CPU = Debug|Any CPU
		Release|Any CPU = Release|Any CPU
	EndGlobalSection
	GlobalSection(ProjectConfigurationPlatforms) = postSolution
		{90A88053-D2DD-4D94-AD9D-20DA8D49BAFC}.Debug|Any CPU.ActiveCfg = Debug|Any CPU
		{90A88053-D2DD-4D94-AD9D-20DA8D49BAFC}.Debug|Any CPU.Build.0 = Debug|Any CPU
		{90A88053-D2DD-4D94-AD9D-20DA8D49BAFC}.Release|Any CPU.ActiveCfg = Release|Any CPU
		{90A88053-D2DD-4D94-AD9D-20DA8D49BAFC}.Release|Any CPU.Build.0 = Release|Any CPU
	EndGlobalSection
	GlobalSection(SolutionProperties) = preSolution
		HideSolutionNode = FALSE
	EndGlobalSection
	GlobalSection(ExtensibilityGlobals) = postSolution
		SolutionGuid = {E2745747-897A-496E-98FF-9AA222B314E3}
	EndGlobalSection
EndGlobal
